// !$*UTF8*$!
{
	archiveVersion = 1;
	classes = {
	};
	objectVersion = 46;
	objects = {

/* Begin PBXBuildFile section */
		414A82371729348900F8674B /* app.pde in Resources */ = {isa = PBXBuildFile; fileRef = 414A82341729348900F8674B /* app.pde */; };
		414A82381729348900F8674B /* index.html in Resources */ = {isa = PBXBuildFile; fileRef = 414A82351729348900F8674B /* index.html */; };
		414A82471729349400F8674B /* Default-568h@2x.png in Resources */ = {isa = PBXBuildFile; fileRef = 414A823B1729349400F8674B /* Default-568h@2x.png */; };
		414A82481729349400F8674B /* Default.png in Resources */ = {isa = PBXBuildFile; fileRef = 414A823C1729349400F8674B /* Default.png */; };
		414A82491729349400F8674B /* Default@2x.png in Resources */ = {isa = PBXBuildFile; fileRef = 414A823D1729349400F8674B /* Default@2x.png */; };
		414A824A1729349400F8674B /* InfoPlist.strings in Resources */ = {isa = PBXBuildFile; fileRef = 414A823E1729349400F8674B /* InfoPlist.strings */; };
		414A824B1729349400F8674B /* MainStoryboard_iPad.storyboard in Resources */ = {isa = PBXBuildFile; fileRef = 414A82401729349400F8674B /* MainStoryboard_iPad.storyboard */; };
		414A824C1729349400F8674B /* MainStoryboard_iPhone.storyboard in Resources */ = {isa = PBXBuildFile; fileRef = 414A82421729349400F8674B /* MainStoryboard_iPhone.storyboard */; };
		414A824D1729349400F8674B /* Icon.png in Resources */ = {isa = PBXBuildFile; fileRef = 414A82441729349400F8674B /* Icon.png */; };
		414A824E1729349400F8674B /* Icon@2x.png in Resources */ = {isa = PBXBuildFile; fileRef = 414A82451729349400F8674B /* Icon@2x.png */; };
		414A824F1729349400F8674B /* xProcessing-Info.plist in Resources */ = {isa = PBXBuildFile; fileRef = 414A82461729349400F8674B /* xProcessing-Info.plist */; };
		414A8250172934DC00F8674B /* processing.js in Resources */ = {isa = PBXBuildFile; fileRef = 414A82361729348900F8674B /* processing.js */; };
		414A825317321A8A00F8674B /* xcode.js in Resources */ = {isa = PBXBuildFile; fileRef = 414A825117321A5B00F8674B /* xcode.js */; };
		414A82561738CDE500F8674B /* P5SubViewController.m in Sources */ = {isa = PBXBuildFile; fileRef = 414A82551738CDE500F8674B /* P5SubViewController.m */; };
		41DF7F89165E00FF00808ADE /* UIKit.framework in Frameworks */ = {isa = PBXBuildFile; fileRef = 41DF7F88165E00FF00808ADE /* UIKit.framework */; };
		41DF7F8B165E00FF00808ADE /* Foundation.framework in Frameworks */ = {isa = PBXBuildFile; fileRef = 41DF7F8A165E00FF00808ADE /* Foundation.framework */; };
		41DF7F8D165E00FF00808ADE /* CoreGraphics.framework in Frameworks */ = {isa = PBXBuildFile; fileRef = 41DF7F8C165E00FF00808ADE /* CoreGraphics.framework */; };
		41DF7F95165E00FF00808ADE /* main.m in Sources */ = {isa = PBXBuildFile; fileRef = 41DF7F94165E00FF00808ADE /* main.m */; };
		41DF7F99165E00FF00808ADE /* P5AppDelegate.m in Sources */ = {isa = PBXBuildFile; fileRef = 41DF7F98165E00FF00808ADE /* P5AppDelegate.m */; };
		41DF7FA8165E00FF00808ADE /* P5ViewController.m in Sources */ = {isa = PBXBuildFile; fileRef = 41DF7FA7165E00FF00808ADE /* P5ViewController.m */; };
/* End PBXBuildFile section */

/* Begin PBXFileReference section */
		414A82341729348900F8674B /* app.pde */ = {isa = PBXFileReference; fileEncoding = 4; lastKnownFileType = text; path = app.pde; sourceTree = "<group>"; };
		414A82351729348900F8674B /* index.html */ = {isa = PBXFileReference; fileEncoding = 4; lastKnownFileType = text.html; path = index.html; sourceTree = "<group>"; };
		414A82361729348900F8674B /* processing.js */ = {isa = PBXFileReference; fileEncoding = 4; lastKnownFileType = sourcecode.javascript; path = processing.js; sourceTree = "<group>"; };
		414A823B1729349400F8674B /* Default-568h@2x.png */ = {isa = PBXFileReference; lastKnownFileType = image.png; path = "Default-568h@2x.png"; sourceTree = "<group>"; };
		414A823C1729349400F8674B /* Default.png */ = {isa = PBXFileReference; lastKnownFileType = image.png; path = Default.png; sourceTree = "<group>"; };
		414A823D1729349400F8674B /* Default@2x.png */ = {isa = PBXFileReference; lastKnownFileType = image.png; path = "Default@2x.png"; sourceTree = "<group>"; };
		414A823F1729349400F8674B /* en */ = {isa = PBXFileReference; lastKnownFileType = text.plist.strings; name = en; path = en.lproj/InfoPlist.strings; sourceTree = "<group>"; };
		414A82411729349400F8674B /* en */ = {isa = PBXFileReference; lastKnownFileType = file.storyboard; name = en; path = en.lproj/MainStoryboard_iPad.storyboard; sourceTree = "<group>"; };
		414A82431729349400F8674B /* en */ = {isa = PBXFileReference; lastKnownFileType = file.storyboard; name = en; path = en.lproj/MainStoryboard_iPhone.storyboard; sourceTree = "<group>"; };
		414A82441729349400F8674B /* Icon.png */ = {isa = PBXFileReference; lastKnownFileType = image.png; path = Icon.png; sourceTree = "<group>"; };
		414A82451729349400F8674B /* Icon@2x.png */ = {isa = PBXFileReference; lastKnownFileType = image.png; path = "Icon@2x.png"; sourceTree = "<group>"; };
		414A82461729349400F8674B /* xProcessing-Info.plist */ = {isa = PBXFileReference; fileEncoding = 4; lastKnownFileType = text.plist.xml; path = "xProcessing-Info.plist"; sourceTree = "<group>"; };
		414A825117321A5B00F8674B /* xcode.js */ = {isa = PBXFileReference; fileEncoding = 4; lastKnownFileType = sourcecode.javascript; path = xcode.js; sourceTree = "<group>"; };
		414A82541738CDE500F8674B /* P5SubViewController.h */ = {isa = PBXFileReference; fileEncoding = 4; lastKnownFileType = sourcecode.c.h; path = P5SubViewController.h; sourceTree = "<group>"; };
		414A82551738CDE500F8674B /* P5SubViewController.m */ = {isa = PBXFileReference; fileEncoding = 4; lastKnownFileType = sourcecode.c.objc; path = P5SubViewController.m; sourceTree = "<group>"; };
		41DF7F84165E00FF00808ADE /* xProcessing.app */ = {isa = PBXFileReference; explicitFileType = wrapper.application; includeInIndex = 0; path = xProcessing.app; sourceTree = BUILT_PRODUCTS_DIR; };
		41DF7F88165E00FF00808ADE /* UIKit.framework */ = {isa = PBXFileReference; lastKnownFileType = wrapper.framework; name = UIKit.framework; path = System/Library/Frameworks/UIKit.framework; sourceTree = SDKROOT; };
		41DF7F8A165E00FF00808ADE /* Foundation.framework */ = {isa = PBXFileReference; lastKnownFileType = wrapper.framework; name = Foundation.framework; path = System/Library/Frameworks/Foundation.framework; sourceTree = SDKROOT; };
		41DF7F8C165E00FF00808ADE /* CoreGraphics.framework */ = {isa = PBXFileReference; lastKnownFileType = wrapper.framework; name = CoreGraphics.framework; path = System/Library/Frameworks/CoreGraphics.framework; sourceTree = SDKROOT; };
		41DF7F94165E00FF00808ADE /* main.m */ = {isa = PBXFileReference; lastKnownFileType = sourcecode.c.objc; path = main.m; sourceTree = "<group>"; };
		41DF7F96165E00FF00808ADE /* xProcessing-Prefix.pch */ = {isa = PBXFileReference; lastKnownFileType = sourcecode.c.h; path = "xProcessing-Prefix.pch"; sourceTree = "<group>"; };
		41DF7F97165E00FF00808ADE /* P5AppDelegate.h */ = {isa = PBXFileReference; lastKnownFileType = sourcecode.c.h; path = P5AppDelegate.h; sourceTree = "<group>"; };
		41DF7F98165E00FF00808ADE /* P5AppDelegate.m */ = {isa = PBXFileReference; lastKnownFileType = sourcecode.c.objc; path = P5AppDelegate.m; sourceTree = "<group>"; };
		41DF7FA6165E00FF00808ADE /* P5ViewController.h */ = {isa = PBXFileReference; lastKnownFileType = sourcecode.c.h; path = P5ViewController.h; sourceTree = "<group>"; };
		41DF7FA7165E00FF00808ADE /* P5ViewController.m */ = {isa = PBXFileReference; lastKnownFileType = sourcecode.c.objc; path = P5ViewController.m; sourceTree = "<group>"; };
/* End PBXFileReference section */

/* Begin PBXFrameworksBuildPhase section */
		41DF7F81165E00FF00808ADE /* Frameworks */ = {
			isa = PBXFrameworksBuildPhase;
			buildActionMask = 2147483647;
			files = (
				41DF7F89165E00FF00808ADE /* UIKit.framework in Frameworks */,
				41DF7F8B165E00FF00808ADE /* Foundation.framework in Frameworks */,
				41DF7F8D165E00FF00808ADE /* CoreGraphics.framework in Frameworks */,
			);
			runOnlyForDeploymentPostprocessing = 0;
		};
/* End PBXFrameworksBuildPhase section */

/* Begin PBXGroup section */
		414A82331729348900F8674B /* app */ = {
			isa = PBXGroup;
			children = (
				414A82341729348900F8674B /* app.pde */,
				414A82351729348900F8674B /* index.html */,
				414A82361729348900F8674B /* processing.js */,
				414A825117321A5B00F8674B /* xcode.js */,
			);
			path = app;
			sourceTree = "<group>";
		};
		414A823A1729349400F8674B /* res */ = {
			isa = PBXGroup;
			children = (
				414A82441729349400F8674B /* Icon.png */,
				414A82451729349400F8674B /* Icon@2x.png */,
				414A823B1729349400F8674B /* Default-568h@2x.png */,
				414A823C1729349400F8674B /* Default.png */,
				414A823D1729349400F8674B /* Default@2x.png */,
				414A823E1729349400F8674B /* InfoPlist.strings */,
				414A82461729349400F8674B /* xProcessing-Info.plist */,
				414A82421729349400F8674B /* MainStoryboard_iPhone.storyboard */,
				414A82401729349400F8674B /* MainStoryboard_iPad.storyboard */,
			);
			path = res;
			sourceTree = "<group>";
		};
		41DF7F79165E00FF00808ADE = {
			isa = PBXGroup;
			children = (
				414A82331729348900F8674B /* app */,
				414A823A1729349400F8674B /* res */,
				41DF7F8E165E00FF00808ADE /* xProcessing */,
				41DF7F87165E00FF00808ADE /* Frameworks */,
				41DF7F85165E00FF00808ADE /* Products */,
			);
			sourceTree = "<group>";
		};
		41DF7F85165E00FF00808ADE /* Products */ = {
			isa = PBXGroup;
			children = (
				41DF7F84165E00FF00808ADE /* xProcessing.app */,
			);
			name = Products;
			sourceTree = "<group>";
		};
		41DF7F87165E00FF00808ADE /* Frameworks */ = {
			isa = PBXGroup;
			children = (
				41DF7F88165E00FF00808ADE /* UIKit.framework */,
				41DF7F8A165E00FF00808ADE /* Foundation.framework */,
				41DF7F8C165E00FF00808ADE /* CoreGraphics.framework */,
			);
			name = Frameworks;
			sourceTree = "<group>";
		};
		41DF7F8E165E00FF00808ADE /* xProcessing */ = {
			isa = PBXGroup;
			children = (
				41DF7F97165E00FF00808ADE /* P5AppDelegate.h */,
				41DF7F98165E00FF00808ADE /* P5AppDelegate.m */,
				41DF7FA6165E00FF00808ADE /* P5ViewController.h */,
				41DF7FA7165E00FF00808ADE /* P5ViewController.m */,
				414A82541738CDE500F8674B /* P5SubViewController.h */,
				414A82551738CDE500F8674B /* P5SubViewController.m */,
				41DF7F8F165E00FF00808ADE /* Supporting Files */,
			);
			path = xProcessing;
			sourceTree = "<group>";
		};
		41DF7F8F165E00FF00808ADE /* Supporting Files */ = {
			isa = PBXGroup;
			children = (
				41DF7F94165E00FF00808ADE /* main.m */,
				41DF7F96165E00FF00808ADE /* xProcessing-Prefix.pch */,
			);
			name = "Supporting Files";
			sourceTree = "<group>";
		};
/* End PBXGroup section */

/* Begin PBXNativeTarget section */
		41DF7F83165E00FF00808ADE /* xProcessing */ = {
			isa = PBXNativeTarget;
			buildConfigurationList = 41DF7FAB165E00FF00808ADE /* Build configuration list for PBXNativeTarget "xProcessing" */;
			buildPhases = (
				41DF7F80165E00FF00808ADE /* Sources */,
				41DF7F81165E00FF00808ADE /* Frameworks */,
				41DF7F82165E00FF00808ADE /* Resources */,
			);
			buildRules = (
			);
			dependencies = (
			);
			name = xProcessing;
			productName = xProcessing;
			productReference = 41DF7F84165E00FF00808ADE /* xProcessing.app */;
			productType = "com.apple.product-type.application";
		};
/* End PBXNativeTarget section */

/* Begin PBXProject section */
		41DF7F7B165E00FF00808ADE /* Project object */ = {
			isa = PBXProject;
			attributes = {
				CLASSPREFIX = P5;
				LastUpgradeCheck = 0450;
				ORGANIZATIONNAME = x;
			};
			buildConfigurationList = 41DF7F7E165E00FF00808ADE /* Build configuration list for PBXProject "xProcessing" */;
			compatibilityVersion = "Xcode 3.2";
			developmentRegion = English;
			hasScannedForEncodings = 0;
			knownRegions = (
				en,
			);
			mainGroup = 41DF7F79165E00FF00808ADE;
			productRefGroup = 41DF7F85165E00FF00808ADE /* Products */;
			projectDirPath = "";
			projectRoot = "";
			targets = (
				41DF7F83165E00FF00808ADE /* xProcessing */,
			);
		};
/* End PBXProject section */

/* Begin PBXResourcesBuildPhase section */
		41DF7F82165E00FF00808ADE /* Resources */ = {
			isa = PBXResourcesBuildPhase;
			buildActionMask = 2147483647;
			files = (
				414A825317321A8A00F8674B /* xcode.js in Resources */,
				414A8250172934DC00F8674B /* processing.js in Resources */,
				414A82371729348900F8674B /* app.pde in Resources */,
				414A82381729348900F8674B /* index.html in Resources */,
				414A82471729349400F8674B /* Default-568h@2x.png in Resources */,
				414A82481729349400F8674B /* Default.png in Resources */,
				414A82491729349400F8674B /* Default@2x.png in Resources */,
				414A824A1729349400F8674B /* InfoPlist.strings in Resources */,
				414A824B1729349400F8674B /* MainStoryboard_iPad.storyboard in Resources */,
				414A824C1729349400F8674B /* MainStoryboard_iPhone.storyboard in Resources */,
				414A824D1729349400F8674B /* Icon.png in Resources */,
				414A824E1729349400F8674B /* Icon@2x.png in Resources */,
				414A824F1729349400F8674B /* xProcessing-Info.plist in Resources */,
			);
			runOnlyForDeploymentPostprocessing = 0;
		};
/* End PBXResourcesBuildPhase section */

/* Begin PBXSourcesBuildPhase section */
		41DF7F80165E00FF00808ADE /* Sources */ = {
			isa = PBXSourcesBuildPhase;
			buildActionMask = 2147483647;
			files = (
				41DF7F95165E00FF00808ADE /* main.m in Sources */,
				41DF7F99165E00FF00808ADE /* P5AppDelegate.m in Sources */,
				41DF7FA8165E00FF00808ADE /* P5ViewController.m in Sources */,
				414A82561738CDE500F8674B /* P5SubViewController.m in Sources */,
			);
			runOnlyForDeploymentPostprocessing = 0;
		};
/* End PBXSourcesBuildPhase section */

/* Begin PBXVariantGroup section */
		414A823E1729349400F8674B /* InfoPlist.strings */ = {
			isa = PBXVariantGroup;
			children = (
				414A823F1729349400F8674B /* en */,
			);
			name = InfoPlist.strings;
			sourceTree = "<group>";
		};
		414A82401729349400F8674B /* MainStoryboard_iPad.storyboard */ = {
			isa = PBXVariantGroup;
			children = (
				414A82411729349400F8674B /* en */,
			);
			name = MainStoryboard_iPad.storyboard;
			sourceTree = "<group>";
		};
		414A82421729349400F8674B /* MainStoryboard_iPhone.storyboard */ = {
			isa = PBXVariantGroup;
			children = (
				414A82431729349400F8674B /* en */,
			);
			name = MainStoryboard_iPhone.storyboard;
			sourceTree = "<group>";
		};
/* End PBXVariantGroup section */

/* Begin XCBuildConfiguration section */
		41DF7FA9165E00FF00808ADE /* Debug */ = {
			isa = XCBuildConfiguration;
			buildSettings = {
				ALWAYS_SEARCH_USER_PATHS = NO;
				CLANG_CXX_LANGUAGE_STANDARD = "gnu++0x";
				CLANG_CXX_LIBRARY = "libc++";
				CLANG_ENABLE_OBJC_ARC = YES;
				CLANG_WARN_EMPTY_BODY = YES;
				CLANG_WARN__DUPLICATE_METHOD_MATCH = YES;
				"CODE_SIGN_IDENTITY[sdk=iphoneos*]" = "iPhone Developer";
				COPY_PHASE_STRIP = NO;
				GCC_C_LANGUAGE_STANDARD = gnu99;
				GCC_DYNAMIC_NO_PIC = NO;
				GCC_OPTIMIZATION_LEVEL = 0;
				GCC_PREPROCESSOR_DEFINITIONS = (
					"DEBUG=1",
					"$(inherited)",
				);
				GCC_SYMBOLS_PRIVATE_EXTERN = NO;
				GCC_WARN_ABOUT_RETURN_TYPE = YES;
				GCC_WARN_UNINITIALIZED_AUTOS = YES;
				GCC_WARN_UNUSED_VARIABLE = YES;
				IPHONEOS_DEPLOYMENT_TARGET = 6.0;
				ONLY_ACTIVE_ARCH = YES;
				SDKROOT = iphoneos;
				TARGETED_DEVICE_FAMILY = "1,2";
			};
			name = Debug;
		};
		41DF7FAA165E00FF00808ADE /* Release */ = {
			isa = XCBuildConfiguration;
			buildSettings = {
				ALWAYS_SEARCH_USER_PATHS = NO;
				CLANG_CXX_LANGUAGE_STANDARD = "gnu++0x";
				CLANG_CXX_LIBRARY = "libc++";
				CLANG_ENABLE_OBJC_ARC = YES;
				CLANG_WARN_EMPTY_BODY = YES;
				CLANG_WARN__DUPLICATE_METHOD_MATCH = YES;
				"CODE_SIGN_IDENTITY[sdk=iphoneos*]" = "iPhone Developer";
				COPY_PHASE_STRIP = YES;
				GCC_C_LANGUAGE_STANDARD = gnu99;
				GCC_WARN_ABOUT_RETURN_TYPE = YES;
				GCC_WARN_UNINITIALIZED_AUTOS = YES;
				GCC_WARN_UNUSED_VARIABLE = YES;
				IPHONEOS_DEPLOYMENT_TARGET = 6.0;
				OTHER_CFLAGS = "-DNS_BLOCK_ASSERTIONS=1";
				SDKROOT = iphoneos;
				TARGETED_DEVICE_FAMILY = "1,2";
				VALIDATE_PRODUCT = YES;
			};
			name = Release;
		};
		41DF7FAC165E00FF00808ADE /* Debug */ = {
			isa = XCBuildConfiguration;
			buildSettings = {
				GCC_PRECOMPILE_PREFIX_HEADER = YES;
				GCC_PREFIX_HEADER = "xProcessing/xProcessing-Prefix.pch";
				INFOPLIST_FILE = "$(SRCROOT)/res/xProcessing-Info.plist";
				PRODUCT_NAME = "$(TARGET_NAME)";
				WRAPPER_EXTENSION = app;
			};
			name = Debug;
		};
		41DF7FAD165E00FF00808ADE /* Release */ = {
			isa = XCBuildConfiguration;
			buildSettings = {
				GCC_PRECOMPILE_PREFIX_HEADER = YES;
				GCC_PREFIX_HEADER = "xProcessing/xProcessing-Prefix.pch";
				INFOPLIST_FILE = "$(SRCROOT)/res/xProcessing-Info.plist";
				PRODUCT_NAME = "$(TARGET_NAME)";
				WRAPPER_EXTENSION = app;
			};
			name = Release;
		};
/* End XCBuildConfiguration section */

/* Begin XCConfigurationList section */
		41DF7F7E165E00FF00808ADE /* Build configuration list for PBXProject "xProcessing" */ = {
			isa = XCConfigurationList;
			buildConfigurations = (
				41DF7FA9165E00FF00808ADE /* Debug */,
				41DF7FAA165E00FF00808ADE /* Release */,
			);
			defaultConfigurationIsVisible = 0;
			defaultConfigurationName = Release;
		};
		41DF7FAB165E00FF00808ADE /* Build configuration list for PBXNativeTarget "xProcessing" */ = {
			isa = XCConfigurationList;
			buildConfigurations = (
				41DF7FAC165E00FF00808ADE /* Debug */,
				41DF7FAD165E00FF00808ADE /* Release */,
			);
			defaultConfigurationIsVisible = 0;
			defaultConfigurationName = Release;
		};
/* End XCConfigurationList section */
	};
	rootObject = 41DF7F7B165E00FF00808ADE /* Project object */;
}
